{
    "_meta": {
        "hash": {
            "sha256": "0ab73f266d2b32bcf5f2d82896af0507b6ecc14c10e00d60f0d9b6b0204703d4"
        },
        "pipfile-spec": 6,
        "requires": {
            "python_version": "3.8"
        },
        "sources": [
            {
                "name": "pypi",
                "url": "https://pypi.org/simple",
                "verify_ssl": true
            }
        ]
    },
    "default": {
        "aws-psycopg2": {
            "hashes": [
                "sha256:0f8511e8ea52d009fd77a413cb6856cf1d902ef253d8676a999d1ec5bad7bfb1",
                "sha256:f5eb05b280b2aa374080bf650972b8a9383d08e96a2e48b5a1ac3f55d6e5fdc6"
            ],
            "index": "pypi",
            "version": "==1.2.1"
        }
    },
    "develop": {}
}
